
Microsoft Visual Studio Solution File, Format Version 12.00
# Visual Studio 15
VisualStudioVersion = 15.0.28307.168
MinimumVisualStudioVersion = 10.0.40219.1
Project("{FAE04EC0-301F-11D3-BF4B-00C04F79EFBC}") = "HomeWork", "HomeWork\HomeWork.csproj", "{3FB38D64-9D85-4612-A884-864212B1AB78}"
EndProject
Global
	GlobalSection(SolutionConfigurationPlatforms) = preSolution
		Debug|Any CPU = Debug|Any CPU
		Release|Any CPU = Release|Any CPU
	EndGlobalSection
	GlobalSection(ProjectConfigurationPlatforms) = postSolution
		{3FB38D64-9D85-4612-A884-864212B1AB78}.Debug|Any CPU.ActiveCfg = Debug|Any CPU
		{3FB38D64-9D85-4612-A884-864212B1AB78}.Debug|Any CPU.Build.0 = Debug|Any CPU
		{3FB38D64-9D85-4612-A884-864212B1AB78}.Release|Any CPU.ActiveCfg = Release|Any CPU
		{3FB38D64-9D85-4612-A884-864212B1AB78}.Release|Any CPU.Build.0 = Release|Any CPU
	EndGlobalSection
	GlobalSection(SolutionProperties) = preSolution
		HideSolutionNode = FALSE
	EndGlobalSection
	GlobalSection(ExtensibilityGlobals) = postSolution
		SolutionGuid = {9DF5E8F8-57FB-46B1-B999-76F835271717}
	EndGlobalSection
EndGlobal
